
Microsoft Visual Studio Solution File, Format Version 12.00
# Visual Studio 15
VisualStudioVersion = 15.0.26228.23
MinimumVisualStudioVersion = 10.0.40219.1
Project("{FAE04EC0-301F-11D3-BF4B-00C04F79EFBC}") = "MyListApp_1.Android", "MyListApp-1\MyListApp_1.Android\MyListApp_1.Android.csproj", "{D7CCD6B3-C9FC-4830-8AE2-A86D44FA4B95}"
EndProject
Project("{FAE04EC0-301F-11D3-BF4B-00C04F79EFBC}") = "MyListApp_1", "MyListApp-1\MyListApp_1\MyListApp_1.csproj", "{A0EA81F1-9B8C-4A35-881E-80618DD2285A}"
EndProject
Project("{FAE04EC0-301F-11D3-BF4B-00C04F79EFBC}") = "MyListApp_1.UWP", "MyListApp-1\MyListApp_1.UWP\MyListApp_1.UWP.csproj", "{8F928F26-C1FE-4DE8-80D2-77A9EF212591}"
EndProject
Project("{FAE04EC0-301F-11D3-BF4B-00C04F79EFBC}") = "MyListApp_1.iOS", "MyListApp-1\MyListApp_1.iOS\MyListApp_1.iOS.csproj", "{D9FE2A8B-055B-41BF-A9A6-12CFB6279D9F}"
EndProject
Global
	GlobalSection(SolutionConfigurationPlatforms) = preSolution
		Ad-Hoc|Any CPU = Ad-Hoc|Any CPU
		Ad-Hoc|ARM = Ad-Hoc|ARM
		Ad-Hoc|iPhone = Ad-Hoc|iPhone
		Ad-Hoc|iPhoneSimulator = Ad-Hoc|iPhoneSimulator
		Ad-Hoc|x64 = Ad-Hoc|x64
		Ad-Hoc|x86 = Ad-Hoc|x86
		AppStore|Any CPU = AppStore|Any CPU
		AppStore|ARM = AppStore|ARM
		AppStore|iPhone = AppStore|iPhone
		AppStore|iPhoneSimulator = AppStore|iPhoneSimulator
		AppStore|x64 = AppStore|x64
		AppStore|x86 = AppStore|x86
		Debug|Any CPU = Debug|Any CPU
		Debug|ARM = Debug|ARM
		Debug|iPhone = Debug|iPhone
		Debug|iPhoneSimulator = Debug|iPhoneSimulator
		Debug|x64 = Debug|x64
		Debug|x86 = Debug|x86
		Release|Any CPU = Release|Any CPU
		Release|ARM = Release|ARM
		Release|iPhone = Release|iPhone
		Release|iPhoneSimulator = Release|iPhoneSimulator
		Release|x64 = Release|x64
		Release|x86 = Release|x86
	EndGlobalSection
	GlobalSection(ProjectConfigurationPlatforms) = postSolution
		{D7CCD6B3-C9FC-4830-8AE2-A86D44FA4B95}.Ad-Hoc|Any CPU.ActiveCfg = Release|Any CPU
		{D7CCD6B3-C9FC-4830-8AE2-A86D44FA4B95}.Ad-Hoc|Any CPU.Build.0 = Release|Any CPU
		{D7CCD6B3-C9FC-4830-8AE2-A86D44FA4B95}.Ad-Hoc|Any CPU.Deploy.0 = Release|Any CPU
		{D7CCD6B3-C9FC-4830-8AE2-A86D44FA4B95}.Ad-Hoc|ARM.ActiveCfg = Release|Any CPU
		{D7CCD6B3-C9FC-4830-8AE2-A86D44FA4B95}.Ad-Hoc|ARM.Build.0 = Release|Any CPU
		{D7CCD6B3-C9FC-4830-8AE2-A86D44FA4B95}.Ad-Hoc|ARM.Deploy.0 = Release|Any CPU
		{D7CCD6B3-C9FC-4830-8AE2-A86D44FA4B95}.Ad-Hoc|iPhone.ActiveCfg = Release|Any CPU
		{D7CCD6B3-C9FC-4830-8AE2-A86D44FA4B95}.Ad-Hoc|iPhone.Build.0 = Release|Any CPU
		{D7CCD6B3-C9FC-4830-8AE2-A86D44FA4B95}.Ad-Hoc|iPhone.Deploy.0 = Release|Any CPU
		{D7CCD6B3-C9FC-4830-8AE2-A86D44FA4B95}.Ad-Hoc|iPhoneSimulator.ActiveCfg = Release|Any CPU
		{D7CCD6B3-C9FC-4830-8AE2-A86D44FA4B95}.Ad-Hoc|iPhoneSimulator.Build.0 = Release|Any CPU
		{D7CCD6B3-C9FC-4830-8AE2-A86D44FA4B95}.Ad-Hoc|iPhoneSimulator.Deploy.0 = Release|Any CPU
		{D7CCD6B3-C9FC-4830-8AE2-A86D44FA4B95}.Ad-Hoc|x64.ActiveCfg = Release|Any CPU
		{D7CCD6B3-C9FC-4830-8AE2-A86D44FA4B95}.Ad-Hoc|x64.Build.0 = Release|Any CPU
		{D7CCD6B3-C9FC-4830-8AE2-A86D44FA4B95}.Ad-Hoc|x64.Deploy.0 = Release|Any CPU
		{D7CCD6B3-C9FC-4830-8AE2-A86D44FA4B95}.Ad-Hoc|x86.ActiveCfg = Release|Any CPU
		{D7CCD6B3-C9FC-4830-8AE2-A86D44FA4B95}.Ad-Hoc|x86.Build.0 = Release|Any CPU
		{D7CCD6B3-C9FC-4830-8AE2-A86D44FA4B95}.Ad-Hoc|x86.Deploy.0 = Release|Any CPU
		{D7CCD6B3-C9FC-4830-8AE2-A86D44FA4B95}.AppStore|Any CPU.ActiveCfg = Release|Any CPU
		{D7CCD6B3-C9FC-4830-8AE2-A86D44FA4B95}.AppStore|Any CPU.Build.0 = Release|Any CPU
		{D7CCD6B3-C9FC-4830-8AE2-A86D44FA4B95}.AppStore|Any CPU.Deploy.0 = Release|Any CPU
		{D7CCD6B3-C9FC-4830-8AE2-A86D44FA4B95}.AppStore|ARM.ActiveCfg = Release|Any CPU
		{D7CCD6B3-C9FC-4830-8AE2-A86D44FA4B95}.AppStore|ARM.Build.0 = Release|Any CPU
		{D7CCD6B3-C9FC-4830-8AE2-A86D44FA4B95}.AppStore|ARM.Deploy.0 = Release|Any CPU
		{D7CCD6B3-C9FC-4830-8AE2-A86D44FA4B95}.AppStore|iPhone.ActiveCfg = Release|Any CPU
		{D7CCD6B3-C9FC-4830-8AE2-A86D44FA4B95}.AppStore|iPhone.Build.0 = Release|Any CPU
		{D7CCD6B3-C9FC-4830-8AE2-A86D44FA4B95}.AppStore|iPhone.Deploy.0 = Release|Any CPU
		{D7CCD6B3-C9FC-4830-8AE2-A86D44FA4B95}.AppStore|iPhoneSimulator.ActiveCfg = Release|Any CPU
		{D7CCD6B3-C9FC-4830-8AE2-A86D44FA4B95}.AppStore|iPhoneSimulator.Build.0 = Release|Any CPU
		{D7CCD6B3-C9FC-4830-8AE2-A86D44FA4B95}.AppStore|iPhoneSimulator.Deploy.0 = Release|Any CPU
		{D7CCD6B3-C9FC-4830-8AE2-A86D44FA4B95}.AppStore|x64.ActiveCfg = Release|Any CPU
		{D7CCD6B3-C9FC-4830-8AE2-A86D44FA4B95}.AppStore|x64.Build.0 = Release|Any CPU
		{D7CCD6B3-C9FC-4830-8AE2-A86D44FA4B95}.AppStore|x64.Deploy.0 = Release|Any CPU
		{D7CCD6B3-C9FC-4830-8AE2-A86D44FA4B95}.AppStore|x86.ActiveCfg = Release|Any CPU
		{D7CCD6B3-C9FC-4830-8AE2-A86D44FA4B95}.AppStore|x86.Build.0 = Release|Any CPU
		{D7CCD6B3-C9FC-4830-8AE2-A86D44FA4B95}.AppStore|x86.Deploy.0 = Release|Any CPU
		{D7CCD6B3-C9FC-4830-8AE2-A86D44FA4B95}.Debug|Any CPU.ActiveCfg = Debug|Any CPU
		{D7CCD6B3-C9FC-4830-8AE2-A86D44FA4B95}.Debug|Any CPU.Build.0 = Debug|Any CPU
		{D7CCD6B3-C9FC-4830-8AE2-A86D44FA4B95}.Debug|Any CPU.Deploy.0 = Debug|Any CPU
		{D7CCD6B3-C9FC-4830-8AE2-A86D44FA4B95}.Debug|ARM.ActiveCfg = Debug|Any CPU
		{D7CCD6B3-C9FC-4830-8AE2-A86D44FA4B95}.Debug|ARM.Build.0 = Debug|Any CPU
		{D7CCD6B3-C9FC-4830-8AE2-A86D44FA4B95}.Debug|ARM.Deploy.0 = Debug|Any CPU
		{D7CCD6B3-C9FC-4830-8AE2-A86D44FA4B95}.Debug|iPhone.ActiveCfg = Debug|Any CPU
		{D7CCD6B3-C9FC-4830-8AE2-A86D44FA4B95}.Debug|iPhone.Build.0 = Debug|Any CPU
		{D7CCD6B3-C9FC-4830-8AE2-A86D44FA4B95}.Debug|iPhone.Deploy.0 = Debug|Any CPU
		{D7CCD6B3-C9FC-4830-8AE2-A86D44FA4B95}.Debug|iPhoneSimulator.ActiveCfg = Debug|Any CPU
		{D7CCD6B3-C9FC-4830-8AE2-A86D44FA4B95}.Debug|iPhoneSimulator.Build.0 = Debug|Any CPU
		{D7CCD6B3-C9FC-4830-8AE2-A86D44FA4B95}.Debug|iPhoneSimulator.Deploy.0 = Debug|Any CPU
		{D7CCD6B3-C9FC-4830-8AE2-A86D44FA4B95}.Debug|x64.ActiveCfg = Debug|Any CPU
		{D7CCD6B3-C9FC-4830-8AE2-A86D44FA4B95}.Debug|x64.Build.0 = Debug|Any CPU
		{D7CCD6B3-C9FC-4830-8AE2-A86D44FA4B95}.Debug|x64.Deploy.0 = Debug|Any CPU
		{D7CCD6B3-C9FC-4830-8AE2-A86D44FA4B95}.Debug|x86.ActiveCfg = Debug|Any CPU
		{D7CCD6B3-C9FC-4830-8AE2-A86D44FA4B95}.Debug|x86.Build.0 = Debug|Any CPU
		{D7CCD6B3-C9FC-4830-8AE2-A86D44FA4B95}.Debug|x86.Deploy.0 = Debug|Any CPU
		{D7CCD6B3-C9FC-4830-8AE2-A86D44FA4B95}.Release|Any CPU.ActiveCfg = Release|Any CPU
		{D7CCD6B3-C9FC-4830-8AE2-A86D44FA4B95}.Release|Any CPU.Build.0 = Release|Any CPU
		{D7CCD6B3-C9FC-4830-8AE2-A86D44FA4B95}.Release|Any CPU.Deploy.0 = Release|Any CPU
		{D7CCD6B3-C9FC-4830-8AE2-A86D44FA4B95}.Release|ARM.ActiveCfg = Release|Any CPU
		{D7CCD6B3-C9FC-4830-8AE2-A86D44FA4B95}.Release|ARM.Build.0 = Release|Any CPU
		{D7CCD6B3-C9FC-4830-8AE2-A86D44FA4B95}.Release|ARM.Deploy.0 = Release|Any CPU
		{D7CCD6B3-C9FC-4830-8AE2-A86D44FA4B95}.Release|iPhone.ActiveCfg = Release|Any CPU
		{D7CCD6B3-C9FC-4830-8AE2-A86D44FA4B95}.Release|iPhone.Build.0 = Release|Any CPU
		{D7CCD6B3-C9FC-4830-8AE2-A86D44FA4B95}.Release|iPhone.Deploy.0 = Release|Any CPU
		{D7CCD6B3-C9FC-4830-8AE2-A86D44FA4B95}.Release|iPhoneSimulator.ActiveCfg = Release|Any CPU
		{D7CCD6B3-C9FC-4830-8AE2-A86D44FA4B95}.Release|iPhoneSimulator.Build.0 = Release|Any CPU
		{D7CCD6B3-C9FC-4830-8AE2-A86D44FA4B95}.Release|iPhoneSimulator.Deploy.0 = Release|Any CPU
		{D7CCD6B3-C9FC-4830-8AE2-A86D44FA4B95}.Release|x64.ActiveCfg = Release|Any CPU
		{D7CCD6B3-C9FC-4830-8AE2-A86D44FA4B95}.Release|x64.Build.0 = Release|Any CPU
		{D7CCD6B3-C9FC-4830-8AE2-A86D44FA4B95}.Release|x64.Deploy.0 = Release|Any CPU
		{D7CCD6B3-C9FC-4830-8AE2-A86D44FA4B95}.Release|x86.ActiveCfg = Release|Any CPU
		{D7CCD6B3-C9FC-4830-8AE2-A86D44FA4B95}.Release|x86.Build.0 = Release|Any CPU
		{D7CCD6B3-C9FC-4830-8AE2-A86D44FA4B95}.Release|x86.Deploy.0 = Release|Any CPU
		{A0EA81F1-9B8C-4A35-881E-80618DD2285A}.Ad-Hoc|Any CPU.ActiveCfg = Release|Any CPU
		{A0EA81F1-9B8C-4A35-881E-80618DD2285A}.Ad-Hoc|Any CPU.Build.0 = Release|Any CPU
		{A0EA81F1-9B8C-4A35-881E-80618DD2285A}.Ad-Hoc|ARM.ActiveCfg = Release|Any CPU
		{A0EA81F1-9B8C-4A35-881E-80618DD2285A}.Ad-Hoc|ARM.Build.0 = Release|Any CPU
		{A0EA81F1-9B8C-4A35-881E-80618DD2285A}.Ad-Hoc|iPhone.ActiveCfg = Release|Any CPU
		{A0EA81F1-9B8C-4A35-881E-80618DD2285A}.Ad-Hoc|iPhone.Build.0 = Release|Any CPU
		{A0EA81F1-9B8C-4A35-881E-80618DD2285A}.Ad-Hoc|iPhoneSimulator.ActiveCfg = Release|Any CPU
		{A0EA81F1-9B8C-4A35-881E-80618DD2285A}.Ad-Hoc|iPhoneSimulator.Build.0 = Release|Any CPU
		{A0EA81F1-9B8C-4A35-881E-80618DD2285A}.Ad-Hoc|x64.ActiveCfg = Release|Any CPU
		{A0EA81F1-9B8C-4A35-881E-80618DD2285A}.Ad-Hoc|x64.Build.0 = Release|Any CPU
		{A0EA81F1-9B8C-4A35-881E-80618DD2285A}.Ad-Hoc|x86.ActiveCfg = Release|Any CPU
		{A0EA81F1-9B8C-4A35-881E-80618DD2285A}.Ad-Hoc|x86.Build.0 = Release|Any CPU
		{A0EA81F1-9B8C-4A35-881E-80618DD2285A}.AppStore|Any CPU.ActiveCfg = Release|Any CPU
		{A0EA81F1-9B8C-4A35-881E-80618DD2285A}.AppStore|Any CPU.Build.0 = Release|Any CPU
		{A0EA81F1-9B8C-4A35-881E-80618DD2285A}.AppStore|ARM.ActiveCfg = Release|Any CPU
		{A0EA81F1-9B8C-4A35-881E-80618DD2285A}.AppStore|ARM.Build.0 = Release|Any CPU
		{A0EA81F1-9B8C-4A35-881E-80618DD2285A}.AppStore|iPhone.ActiveCfg = Release|Any CPU
		{A0EA81F1-9B8C-4A35-881E-80618DD2285A}.AppStore|iPhone.Build.0 = Release|Any CPU
		{A0EA81F1-9B8C-4A35-881E-80618DD2285A}.AppStore|iPhoneSimulator.ActiveCfg = Release|Any CPU
		{A0EA81F1-9B8C-4A35-881E-80618DD2285A}.AppStore|iPhoneSimulator.Build.0 = Release|Any CPU
		{A0EA81F1-9B8C-4A35-881E-80618DD2285A}.AppStore|x64.ActiveCfg = Release|Any CPU
		{A0EA81F1-9B8C-4A35-881E-80618DD2285A}.AppStore|x64.Build.0 = Release|Any CPU
		{A0EA81F1-9B8C-4A35-881E-80618DD2285A}.AppStore|x86.ActiveCfg = Release|Any CPU
		{A0EA81F1-9B8C-4A35-881E-80618DD2285A}.AppStore|x86.Build.0 = Release|Any CPU
		{A0EA81F1-9B8C-4A35-881E-80618DD2285A}.Debug|Any CPU.ActiveCfg = Debug|Any CPU
		{A0EA81F1-9B8C-4A35-881E-80618DD2285A}.Debug|Any CPU.Build.0 = Debug|Any CPU
		{A0EA81F1-9B8C-4A35-881E-80618DD2285A}.Debug|ARM.ActiveCfg = Debug|Any CPU
		{A0EA81F1-9B8C-4A35-881E-80618DD2285A}.Debug|ARM.Build.0 = Debug|Any CPU
		{A0EA81F1-9B8C-4A35-881E-80618DD2285A}.Debug|iPhone.ActiveCfg = Debug|Any CPU
		{A0EA81F1-9B8C-4A35-881E-80618DD2285A}.Debug|iPhone.Build.0 = Debug|Any CPU
		{A0EA81F1-9B8C-4A35-881E-80618DD2285A}.Debug|iPhoneSimulator.ActiveCfg = Debug|Any CPU
		{A0EA81F1-9B8C-4A35-881E-80618DD2285A}.Debug|iPhoneSimulator.Build.0 = Debug|Any CPU
		{A0EA81F1-9B8C-4A35-881E-80618DD2285A}.Debug|x64.ActiveCfg = Debug|Any CPU
		{A0EA81F1-9B8C-4A35-881E-80618DD2285A}.Debug|x64.Build.0 = Debug|Any CPU
		{A0EA81F1-9B8C-4A35-881E-80618DD2285A}.Debug|x86.ActiveCfg = Debug|Any CPU
		{A0EA81F1-9B8C-4A35-881E-80618DD2285A}.Debug|x86.Build.0 = Debug|Any CPU
		{A0EA81F1-9B8C-4A35-881E-80618DD2285A}.Release|Any CPU.ActiveCfg = Release|Any CPU
		{A0EA81F1-9B8C-4A35-881E-80618DD2285A}.Release|Any CPU.Build.0 = Release|Any CPU
		{A0EA81F1-9B8C-4A35-881E-80618DD2285A}.Release|ARM.ActiveCfg = Release|Any CPU
		{A0EA81F1-9B8C-4A35-881E-80618DD2285A}.Release|ARM.Build.0 = Release|Any CPU
		{A0EA81F1-9B8C-4A35-881E-80618DD2285A}.Release|iPhone.ActiveCfg = Release|Any CPU
		{A0EA81F1-9B8C-4A35-881E-80618DD2285A}.Release|iPhone.Build.0 = Release|Any CPU
		{A0EA81F1-9B8C-4A35-881E-80618DD2285A}.Release|iPhoneSimulator.ActiveCfg = Release|Any CPU
		{A0EA81F1-9B8C-4A35-881E-80618DD2285A}.Release|iPhoneSimulator.Build.0 = Release|Any CPU
		{A0EA81F1-9B8C-4A35-881E-80618DD2285A}.Release|x64.ActiveCfg = Release|Any CPU
		{A0EA81F1-9B8C-4A35-881E-80618DD2285A}.Release|x64.Build.0 = Release|Any CPU
		{A0EA81F1-9B8C-4A35-881E-80618DD2285A}.Release|x86.ActiveCfg = Release|Any CPU
		{A0EA81F1-9B8C-4A35-881E-80618DD2285A}.Release|x86.Build.0 = Release|Any CPU
		{8F928F26-C1FE-4DE8-80D2-77A9EF212591}.Ad-Hoc|Any CPU.ActiveCfg = Release|x86
		{8F928F26-C1FE-4DE8-80D2-77A9EF212591}.Ad-Hoc|Any CPU.Build.0 = Release|x86
		{8F928F26-C1FE-4DE8-80D2-77A9EF212591}.Ad-Hoc|Any CPU.Deploy.0 = Release|x86
		{8F928F26-C1FE-4DE8-80D2-77A9EF212591}.Ad-Hoc|ARM.ActiveCfg = Release|ARM
		{8F928F26-C1FE-4DE8-80D2-77A9EF212591}.Ad-Hoc|ARM.Build.0 = Release|ARM
		{8F928F26-C1FE-4DE8-80D2-77A9EF212591}.Ad-Hoc|ARM.Deploy.0 = Release|ARM
		{8F928F26-C1FE-4DE8-80D2-77A9EF212591}.Ad-Hoc|iPhone.ActiveCfg = Release|x86
		{8F928F26-C1FE-4DE8-80D2-77A9EF212591}.Ad-Hoc|iPhone.Build.0 = Release|x86
		{8F928F26-C1FE-4DE8-80D2-77A9EF212591}.Ad-Hoc|iPhone.Deploy.0 = Release|x86
		{8F928F26-C1FE-4DE8-80D2-77A9EF212591}.Ad-Hoc|iPhoneSimulator.ActiveCfg = Release|x86
		{8F928F26-C1FE-4DE8-80D2-77A9EF212591}.Ad-Hoc|iPhoneSimulator.Build.0 = Release|x86
		{8F928F26-C1FE-4DE8-80D2-77A9EF212591}.Ad-Hoc|iPhoneSimulator.Deploy.0 = Release|x86
		{8F928F26-C1FE-4DE8-80D2-77A9EF212591}.Ad-Hoc|x64.ActiveCfg = Release|x64
		{8F928F26-C1FE-4DE8-80D2-77A9EF212591}.Ad-Hoc|x64.Build.0 = Release|x64
		{8F928F26-C1FE-4DE8-80D2-77A9EF212591}.Ad-Hoc|x64.Deploy.0 = Release|x64
		{8F928F26-C1FE-4DE8-80D2-77A9EF212591}.Ad-Hoc|x86.ActiveCfg = Release|x86
		{8F928F26-C1FE-4DE8-80D2-77A9EF212591}.Ad-Hoc|x86.Build.0 = Release|x86
		{8F928F26-C1FE-4DE8-80D2-77A9EF212591}.Ad-Hoc|x86.Deploy.0 = Release|x86
		{8F928F26-C1FE-4DE8-80D2-77A9EF212591}.AppStore|Any CPU.ActiveCfg = Release|x86
		{8F928F26-C1FE-4DE8-80D2-77A9EF212591}.AppStore|Any CPU.Build.0 = Release|x86
		{8F928F26-C1FE-4DE8-80D2-77A9EF212591}.AppStore|Any CPU.Deploy.0 = Release|x86
		{8F928F26-C1FE-4DE8-80D2-77A9EF212591}.AppStore|ARM.ActiveCfg = Release|ARM
		{8F928F26-C1FE-4DE8-80D2-77A9EF212591}.AppStore|ARM.Build.0 = Release|ARM
		{8F928F26-C1FE-4DE8-80D2-77A9EF212591}.AppStore|ARM.Deploy.0 = Release|ARM
		{8F928F26-C1FE-4DE8-80D2-77A9EF212591}.AppStore|iPhone.ActiveCfg = Release|x86
		{8F928F26-C1FE-4DE8-80D2-77A9EF212591}.AppStore|iPhone.Build.0 = Release|x86
		{8F928F26-C1FE-4DE8-80D2-77A9EF212591}.AppStore|iPhone.Deploy.0 = Release|x86
		{8F928F26-C1FE-4DE8-80D2-77A9EF212591}.AppStore|iPhoneSimulator.ActiveCfg = Release|x86
		{8F928F26-C1FE-4DE8-80D2-77A9EF212591}.AppStore|iPhoneSimulator.Build.0 = Release|x86
		{8F928F26-C1FE-4DE8-80D2-77A9EF212591}.AppStore|iPhoneSimulator.Deploy.0 = Release|x86
		{8F928F26-C1FE-4DE8-80D2-77A9EF212591}.AppStore|x64.ActiveCfg = Release|x64
		{8F928F26-C1FE-4DE8-80D2-77A9EF212591}.AppStore|x64.Build.0 = Release|x64
		{8F928F26-C1FE-4DE8-80D2-77A9EF212591}.AppStore|x64.Deploy.0 = Release|x64
		{8F928F26-C1FE-4DE8-80D2-77A9EF212591}.AppStore|x86.ActiveCfg = Release|x86
		{8F928F26-C1FE-4DE8-80D2-77A9EF212591}.AppStore|x86.Build.0 = Release|x86
		{8F928F26-C1FE-4DE8-80D2-77A9EF212591}.AppStore|x86.Deploy.0 = Release|x86
		{8F928F26-C1FE-4DE8-80D2-77A9EF212591}.Debug|Any CPU.ActiveCfg = Debug|x86
		{8F928F26-C1FE-4DE8-80D2-77A9EF212591}.Debug|ARM.ActiveCfg = Debug|ARM
		{8F928F26-C1FE-4DE8-80D2-77A9EF212591}.Debug|ARM.Build.0 = Debug|ARM
		{8F928F26-C1FE-4DE8-80D2-77A9EF212591}.Debug|ARM.Deploy.0 = Debug|ARM
		{8F928F26-C1FE-4DE8-80D2-77A9EF212591}.Debug|iPhone.ActiveCfg = Debug|x86
		{8F928F26-C1FE-4DE8-80D2-77A9EF212591}.Debug|iPhoneSimulator.ActiveCfg = Debug|x86
		{8F928F26-C1FE-4DE8-80D2-77A9EF212591}.Debug|x64.ActiveCfg = Debug|x64
		{8F928F26-C1FE-4DE8-80D2-77A9EF212591}.Debug|x64.Build.0 = Debug|x64
		{8F928F26-C1FE-4DE8-80D2-77A9EF212591}.Debug|x64.Deploy.0 = Debug|x64
		{8F928F26-C1FE-4DE8-80D2-77A9EF212591}.Debug|x86.ActiveCfg = Debug|x86
		{8F928F26-C1FE-4DE8-80D2-77A9EF212591}.Debug|x86.Build.0 = Debug|x86
		{8F928F26-C1FE-4DE8-80D2-77A9EF212591}.Debug|x86.Deploy.0 = Debug|x86
		{8F928F26-C1FE-4DE8-80D2-77A9EF212591}.Release|Any CPU.ActiveCfg = Release|x86
		{8F928F26-C1FE-4DE8-80D2-77A9EF212591}.Release|ARM.ActiveCfg = Release|ARM
		{8F928F26-C1FE-4DE8-80D2-77A9EF212591}.Release|ARM.Build.0 = Release|ARM
		{8F928F26-C1FE-4DE8-80D2-77A9EF212591}.Release|ARM.Deploy.0 = Release|ARM
		{8F928F26-C1FE-4DE8-80D2-77A9EF212591}.Release|iPhone.ActiveCfg = Release|x86
		{8F928F26-C1FE-4DE8-80D2-77A9EF212591}.Release|iPhoneSimulator.ActiveCfg = Release|x86
		{8F928F26-C1FE-4DE8-80D2-77A9EF212591}.Release|x64.ActiveCfg = Release|x64
		{8F928F26-C1FE-4DE8-80D2-77A9EF212591}.Release|x64.Build.0 = Release|x64
		{8F928F26-C1FE-4DE8-80D2-77A9EF212591}.Release|x64.Deploy.0 = Release|x64
		{8F928F26-C1FE-4DE8-80D2-77A9EF212591}.Release|x86.ActiveCfg = Release|x86
		{8F928F26-C1FE-4DE8-80D2-77A9EF212591}.Release|x86.Build.0 = Release|x86
		{8F928F26-C1FE-4DE8-80D2-77A9EF212591}.Release|x86.Deploy.0 = Release|x86
		{D9FE2A8B-055B-41BF-A9A6-12CFB6279D9F}.Ad-Hoc|Any CPU.ActiveCfg = Ad-Hoc|iPhone
		{D9FE2A8B-055B-41BF-A9A6-12CFB6279D9F}.Ad-Hoc|ARM.ActiveCfg = Ad-Hoc|iPhone
		{D9FE2A8B-055B-41BF-A9A6-12CFB6279D9F}.Ad-Hoc|iPhone.ActiveCfg = Ad-Hoc|iPhone
		{D9FE2A8B-055B-41BF-A9A6-12CFB6279D9F}.Ad-Hoc|iPhone.Build.0 = Ad-Hoc|iPhone
		{D9FE2A8B-055B-41BF-A9A6-12CFB6279D9F}.Ad-Hoc|iPhoneSimulator.ActiveCfg = Ad-Hoc|iPhoneSimulator
		{D9FE2A8B-055B-41BF-A9A6-12CFB6279D9F}.Ad-Hoc|iPhoneSimulator.Build.0 = Ad-Hoc|iPhoneSimulator
		{D9FE2A8B-055B-41BF-A9A6-12CFB6279D9F}.Ad-Hoc|x64.ActiveCfg = Ad-Hoc|iPhone
		{D9FE2A8B-055B-41BF-A9A6-12CFB6279D9F}.Ad-Hoc|x86.ActiveCfg = Ad-Hoc|iPhone
		{D9FE2A8B-055B-41BF-A9A6-12CFB6279D9F}.AppStore|Any CPU.ActiveCfg = AppStore|iPhone
		{D9FE2A8B-055B-41BF-A9A6-12CFB6279D9F}.AppStore|ARM.ActiveCfg = AppStore|iPhone
		{D9FE2A8B-055B-41BF-A9A6-12CFB6279D9F}.AppStore|iPhone.ActiveCfg = AppStore|iPhone
		{D9FE2A8B-055B-41BF-A9A6-12CFB6279D9F}.AppStore|iPhone.Build.0 = AppStore|iPhone
		{D9FE2A8B-055B-41BF-A9A6-12CFB6279D9F}.AppStore|iPhoneSimulator.ActiveCfg = AppStore|iPhoneSimulator
		{D9FE2A8B-055B-41BF-A9A6-12CFB6279D9F}.AppStore|iPhoneSimulator.Build.0 = AppStore|iPhoneSimulator
		{D9FE2A8B-055B-41BF-A9A6-12CFB6279D9F}.AppStore|x64.ActiveCfg = AppStore|iPhone
		{D9FE2A8B-055B-41BF-A9A6-12CFB6279D9F}.AppStore|x86.ActiveCfg = AppStore|iPhone
		{D9FE2A8B-055B-41BF-A9A6-12CFB6279D9F}.Debug|Any CPU.ActiveCfg = Debug|iPhone
		{D9FE2A8B-055B-41BF-A9A6-12CFB6279D9F}.Debug|ARM.ActiveCfg = Debug|iPhone
		{D9FE2A8B-055B-41BF-A9A6-12CFB6279D9F}.Debug|iPhone.ActiveCfg = Debug|iPhone
		{D9FE2A8B-055B-41BF-A9A6-12CFB6279D9F}.Debug|iPhone.Build.0 = Debug|iPhone
		{D9FE2A8B-055B-41BF-A9A6-12CFB6279D9F}.Debug|iPhoneSimulator.ActiveCfg = Debug|iPhoneSimulator
		{D9FE2A8B-055B-41BF-A9A6-12CFB6279D9F}.Debug|iPhoneSimulator.Build.0 = Debug|iPhoneSimulator
		{D9FE2A8B-055B-41BF-A9A6-12CFB6279D9F}.Debug|x64.ActiveCfg = Debug|iPhone
		{D9FE2A8B-055B-41BF-A9A6-12CFB6279D9F}.Debug|x86.ActiveCfg = Debug|iPhone
		{D9FE2A8B-055B-41BF-A9A6-12CFB6279D9F}.Release|Any CPU.ActiveCfg = Release|iPhone
		{D9FE2A8B-055B-41BF-A9A6-12CFB6279D9F}.Release|ARM.ActiveCfg = Release|iPhone
		{D9FE2A8B-055B-41BF-A9A6-12CFB6279D9F}.Release|iPhone.ActiveCfg = Release|iPhone
		{D9FE2A8B-055B-41BF-A9A6-12CFB6279D9F}.Release|iPhone.Build.0 = Release|iPhone
		{D9FE2A8B-055B-41BF-A9A6-12CFB6279D9F}.Release|iPhoneSimulator.ActiveCfg = Release|iPhoneSimulator
		{D9FE2A8B-055B-41BF-A9A6-12CFB6279D9F}.Release|iPhoneSimulator.Build.0 = Release|iPhoneSimulator
		{D9FE2A8B-055B-41BF-A9A6-12CFB6279D9F}.Release|x64.ActiveCfg = Release|iPhone
		{D9FE2A8B-055B-41BF-A9A6-12CFB6279D9F}.Release|x86.ActiveCfg = Release|iPhone
	EndGlobalSection
	GlobalSection(SolutionProperties) = preSolution
		HideSolutionNode = FALSE
	EndGlobalSection
EndGlobal
